
Microsoft Visual Studio Solution File, Format Version 12.00
Project("{FAE04EC0-301F-11D3-BF4B-00C04F79EFBC}") = "SharpGrammar", "SharpGrammar\SharpGrammar.csproj", "{53D1406D-F1CF-42C5-A7C8-5CF92B247EEA}"
EndProject
Project("{2150E333-8FDC-42A3-9474-1A3956D46DE8}") = "Examples", "Examples", "{6C98982C-D7F5-4540-8C2B-23F172CA0383}"
EndProject
Project("{FAE04EC0-301F-11D3-BF4B-00C04F79EFBC}") = "DwarfNameGenerator", "DwarfNameGenerator\DwarfNameGenerator.csproj", "{F74D67C6-7106-4C8E-AB09-16FF47F8D66B}"
EndProject
Project("{FAE04EC0-301F-11D3-BF4B-00C04F79EFBC}") = "AztecPantheon", "AztecPantheon\AztecPantheon.csproj", "{0CF0E1E0-8A21-4D4E-A57A-F49185CE0D6B}"
EndProject
Project("{2150E333-8FDC-42A3-9474-1A3956D46DE8}") = "Modules", "Modules", "{59C09365-BB65-42E5-9F5A-42EFB2DDEDC4}"
EndProject
Project("{FAE04EC0-301F-11D3-BF4B-00C04F79EFBC}") = "NumberModule", "NumberModule\NumberModule.csproj", "{3D0ACE38-DF1A-462D-98BE-B602FAD2F91D}"
EndProject
Project("{FAE04EC0-301F-11D3-BF4B-00C04F79EFBC}") = "MemoryModule", "MemoryModule\MemoryModule.csproj", "{A9714D2C-BF9F-4FFA-BB81-CD044214C752}"
EndProject
Global
	GlobalSection(SolutionConfigurationPlatforms) = preSolution
		Debug|Any CPU = Debug|Any CPU
		Release|Any CPU = Release|Any CPU
	EndGlobalSection
	GlobalSection(ProjectConfigurationPlatforms) = postSolution
		{53D1406D-F1CF-42C5-A7C8-5CF92B247EEA}.Debug|Any CPU.ActiveCfg = Debug|Any CPU
		{53D1406D-F1CF-42C5-A7C8-5CF92B247EEA}.Debug|Any CPU.Build.0 = Debug|Any CPU
		{53D1406D-F1CF-42C5-A7C8-5CF92B247EEA}.Release|Any CPU.ActiveCfg = Release|Any CPU
		{53D1406D-F1CF-42C5-A7C8-5CF92B247EEA}.Release|Any CPU.Build.0 = Release|Any CPU
		{F74D67C6-7106-4C8E-AB09-16FF47F8D66B}.Debug|Any CPU.ActiveCfg = Debug|Any CPU
		{F74D67C6-7106-4C8E-AB09-16FF47F8D66B}.Debug|Any CPU.Build.0 = Debug|Any CPU
		{F74D67C6-7106-4C8E-AB09-16FF47F8D66B}.Release|Any CPU.ActiveCfg = Release|Any CPU
		{F74D67C6-7106-4C8E-AB09-16FF47F8D66B}.Release|Any CPU.Build.0 = Release|Any CPU
		{0CF0E1E0-8A21-4D4E-A57A-F49185CE0D6B}.Debug|Any CPU.ActiveCfg = Debug|Any CPU
		{0CF0E1E0-8A21-4D4E-A57A-F49185CE0D6B}.Debug|Any CPU.Build.0 = Debug|Any CPU
		{0CF0E1E0-8A21-4D4E-A57A-F49185CE0D6B}.Release|Any CPU.ActiveCfg = Release|Any CPU
		{0CF0E1E0-8A21-4D4E-A57A-F49185CE0D6B}.Release|Any CPU.Build.0 = Release|Any CPU
		{3D0ACE38-DF1A-462D-98BE-B602FAD2F91D}.Debug|Any CPU.ActiveCfg = Debug|Any CPU
		{3D0ACE38-DF1A-462D-98BE-B602FAD2F91D}.Debug|Any CPU.Build.0 = Debug|Any CPU
		{3D0ACE38-DF1A-462D-98BE-B602FAD2F91D}.Release|Any CPU.ActiveCfg = Release|Any CPU
		{3D0ACE38-DF1A-462D-98BE-B602FAD2F91D}.Release|Any CPU.Build.0 = Release|Any CPU
		{A9714D2C-BF9F-4FFA-BB81-CD044214C752}.Debug|Any CPU.ActiveCfg = Debug|Any CPU
		{A9714D2C-BF9F-4FFA-BB81-CD044214C752}.Debug|Any CPU.Build.0 = Debug|Any CPU
		{A9714D2C-BF9F-4FFA-BB81-CD044214C752}.Release|Any CPU.ActiveCfg = Release|Any CPU
		{A9714D2C-BF9F-4FFA-BB81-CD044214C752}.Release|Any CPU.Build.0 = Release|Any CPU
	EndGlobalSection
	GlobalSection(NestedProjects) = preSolution
		{F74D67C6-7106-4C8E-AB09-16FF47F8D66B} = {6C98982C-D7F5-4540-8C2B-23F172CA0383}
		{0CF0E1E0-8A21-4D4E-A57A-F49185CE0D6B} = {6C98982C-D7F5-4540-8C2B-23F172CA0383}
		{3D0ACE38-DF1A-462D-98BE-B602FAD2F91D} = {59C09365-BB65-42E5-9F5A-42EFB2DDEDC4}
		{A9714D2C-BF9F-4FFA-BB81-CD044214C752} = {59C09365-BB65-42E5-9F5A-42EFB2DDEDC4}
	EndGlobalSection
EndGlobal
