
Microsoft Visual Studio Solution File, Format Version 12.00
Project("{FAE04EC0-301F-11D3-BF4B-00C04F79EFBC}") = "SharpGrammar", "SharpGrammar\SharpGrammar.csproj", "{53D1406D-F1CF-42C5-A7C8-5CF92B247EEA}"
EndProject
Project("{2150E333-8FDC-42A3-9474-1A3956D46DE8}") = "Examples", "Examples", "{6C98982C-D7F5-4540-8C2B-23F172CA0383}"
EndProject
Project("{2150E333-8FDC-42A3-9474-1A3956D46DE8}") = "Modules", "Modules", "{59C09365-BB65-42E5-9F5A-42EFB2DDEDC4}"
EndProject
Project("{FAE04EC0-301F-11D3-BF4B-00C04F79EFBC}") = "DwarfNameGenerator", "Examples\DwarfNameGenerator\DwarfNameGenerator.csproj", "{0B60E528-9C3D-405E-91A9-19DC7371EA73}"
EndProject
Project("{FAE04EC0-301F-11D3-BF4B-00C04F79EFBC}") = "Counting", "Modules\Counting\Counting.csproj", "{9251A9AE-926D-43E4-9DDC-9A8AF79F69E9}"
EndProject
Project("{FAE04EC0-301F-11D3-BF4B-00C04F79EFBC}") = "Iteration", "Modules\Iteration\Iteration.csproj", "{EC77CA0C-6CFF-4FAB-B398-A5BA32C0C696}"
EndProject
Project("{FAE04EC0-301F-11D3-BF4B-00C04F79EFBC}") = "Memory", "Modules\Memory\Memory.csproj", "{257AD910-5978-45D0-B8EC-1B3EEF0BBE00}"
EndProject
Global
	GlobalSection(SolutionConfigurationPlatforms) = preSolution
		Debug|Any CPU = Debug|Any CPU
		Release|Any CPU = Release|Any CPU
	EndGlobalSection
	GlobalSection(ProjectConfigurationPlatforms) = postSolution
		{53D1406D-F1CF-42C5-A7C8-5CF92B247EEA}.Debug|Any CPU.ActiveCfg = Debug|Any CPU
		{53D1406D-F1CF-42C5-A7C8-5CF92B247EEA}.Debug|Any CPU.Build.0 = Debug|Any CPU
		{53D1406D-F1CF-42C5-A7C8-5CF92B247EEA}.Release|Any CPU.ActiveCfg = Release|Any CPU
		{53D1406D-F1CF-42C5-A7C8-5CF92B247EEA}.Release|Any CPU.Build.0 = Release|Any CPU
		{0B60E528-9C3D-405E-91A9-19DC7371EA73}.Debug|Any CPU.ActiveCfg = Debug|Any CPU
		{0B60E528-9C3D-405E-91A9-19DC7371EA73}.Debug|Any CPU.Build.0 = Debug|Any CPU
		{0B60E528-9C3D-405E-91A9-19DC7371EA73}.Release|Any CPU.ActiveCfg = Release|Any CPU
		{0B60E528-9C3D-405E-91A9-19DC7371EA73}.Release|Any CPU.Build.0 = Release|Any CPU
		{9251A9AE-926D-43E4-9DDC-9A8AF79F69E9}.Debug|Any CPU.ActiveCfg = Debug|Any CPU
		{9251A9AE-926D-43E4-9DDC-9A8AF79F69E9}.Debug|Any CPU.Build.0 = Debug|Any CPU
		{9251A9AE-926D-43E4-9DDC-9A8AF79F69E9}.Release|Any CPU.ActiveCfg = Release|Any CPU
		{9251A9AE-926D-43E4-9DDC-9A8AF79F69E9}.Release|Any CPU.Build.0 = Release|Any CPU
		{EC77CA0C-6CFF-4FAB-B398-A5BA32C0C696}.Debug|Any CPU.ActiveCfg = Debug|Any CPU
		{EC77CA0C-6CFF-4FAB-B398-A5BA32C0C696}.Debug|Any CPU.Build.0 = Debug|Any CPU
		{EC77CA0C-6CFF-4FAB-B398-A5BA32C0C696}.Release|Any CPU.ActiveCfg = Release|Any CPU
		{EC77CA0C-6CFF-4FAB-B398-A5BA32C0C696}.Release|Any CPU.Build.0 = Release|Any CPU
		{257AD910-5978-45D0-B8EC-1B3EEF0BBE00}.Debug|Any CPU.ActiveCfg = Debug|Any CPU
		{257AD910-5978-45D0-B8EC-1B3EEF0BBE00}.Debug|Any CPU.Build.0 = Debug|Any CPU
		{257AD910-5978-45D0-B8EC-1B3EEF0BBE00}.Release|Any CPU.ActiveCfg = Release|Any CPU
		{257AD910-5978-45D0-B8EC-1B3EEF0BBE00}.Release|Any CPU.Build.0 = Release|Any CPU
	EndGlobalSection
	GlobalSection(NestedProjects) = preSolution
		{0B60E528-9C3D-405E-91A9-19DC7371EA73} = {6C98982C-D7F5-4540-8C2B-23F172CA0383}
		{9251A9AE-926D-43E4-9DDC-9A8AF79F69E9} = {59C09365-BB65-42E5-9F5A-42EFB2DDEDC4}
		{EC77CA0C-6CFF-4FAB-B398-A5BA32C0C696} = {59C09365-BB65-42E5-9F5A-42EFB2DDEDC4}
		{257AD910-5978-45D0-B8EC-1B3EEF0BBE00} = {59C09365-BB65-42E5-9F5A-42EFB2DDEDC4}
	EndGlobalSection
EndGlobal
