
Microsoft Visual Studio Solution File, Format Version 12.00
Project("{FAE04EC0-301F-11D3-BF4B-00C04F79EFBC}") = "SharpGrammar", "SharpGrammar\SharpGrammar.csproj", "{53D1406D-F1CF-42C5-A7C8-5CF92B247EEA}"
EndProject
Project("{FAE04EC0-301F-11D3-BF4B-00C04F79EFBC}") = "SharpGrammarExamples", "SharpGrammarExamples\SharpGrammarExamples.csproj", "{674299D2-DD2C-4F26-B937-2F6F9DE8FD92}"
EndProject
Global
	GlobalSection(SolutionConfigurationPlatforms) = preSolution
		Debug|Any CPU = Debug|Any CPU
		Release|Any CPU = Release|Any CPU
	EndGlobalSection
	GlobalSection(ProjectConfigurationPlatforms) = postSolution
		{53D1406D-F1CF-42C5-A7C8-5CF92B247EEA}.Debug|Any CPU.ActiveCfg = Debug|Any CPU
		{53D1406D-F1CF-42C5-A7C8-5CF92B247EEA}.Debug|Any CPU.Build.0 = Debug|Any CPU
		{53D1406D-F1CF-42C5-A7C8-5CF92B247EEA}.Release|Any CPU.ActiveCfg = Release|Any CPU
		{53D1406D-F1CF-42C5-A7C8-5CF92B247EEA}.Release|Any CPU.Build.0 = Release|Any CPU
		{674299D2-DD2C-4F26-B937-2F6F9DE8FD92}.Debug|Any CPU.ActiveCfg = Debug|Any CPU
		{674299D2-DD2C-4F26-B937-2F6F9DE8FD92}.Debug|Any CPU.Build.0 = Debug|Any CPU
		{674299D2-DD2C-4F26-B937-2F6F9DE8FD92}.Release|Any CPU.ActiveCfg = Release|Any CPU
		{674299D2-DD2C-4F26-B937-2F6F9DE8FD92}.Release|Any CPU.Build.0 = Release|Any CPU
	EndGlobalSection
EndGlobal
